// !$*UTF8*$!
{
	archiveVersion = 1;
	classes = {
	};
	objectVersion = 50;
	objects = {

/* Begin PBXBuildFile section */
		BF28C85123AF8A9400368BBD /* main.m in Sources */ = {isa = PBXBuildFile; fileRef = BF28C85023AF8A9400368BBD /* main.m */; };
		BF4400A723BE4147003A01F4 /* Chapter03.m in Sources */ = {isa = PBXBuildFile; fileRef = BF4400A623BE4147003A01F4 /* Chapter03.m */; };
		BF4400AA23C199EB003A01F4 /* Fraction.m in Sources */ = {isa = PBXBuildFile; fileRef = BF4400A923C199EB003A01F4 /* Fraction.m */; };
		BF462DCF23C1F82D009370D7 /* CokeVendingMachine.m in Sources */ = {isa = PBXBuildFile; fileRef = BF462DCE23C1F82D009370D7 /* CokeVendingMachine.m */; };
		BF592E4623C21DF900CF8E92 /* DescartesCoordinates.m in Sources */ = {isa = PBXBuildFile; fileRef = BF592E4523C21DF900CF8E92 /* DescartesCoordinates.m */; };
		BF592E4923C21FFA00CF8E92 /* Calculator.m in Sources */ = {isa = PBXBuildFile; fileRef = BF592E4823C21FFA00CF8E92 /* Calculator.m */; };
		BF592E4D23C227A400CF8E92 /* Complex.m in Sources */ = {isa = PBXBuildFile; fileRef = BF592E4C23C227A400CF8E92 /* Complex.m */; };
		BF5ABD6E23C4D1150026735A /* FractionCh07.m in Sources */ = {isa = PBXBuildFile; fileRef = BF5ABD6D23C4D1150026735A /* FractionCh07.m */; };
		BFE383EF23BCF32B007F0A7B /* Chapter01.m in Sources */ = {isa = PBXBuildFile; fileRef = BFE383EE23BCF32B007F0A7B /* Chapter01.m */; };
/* End PBXBuildFile section */

/* Begin PBXCopyFilesBuildPhase section */
		BF28C84B23AF8A9400368BBD /* CopyFiles */ = {
			isa = PBXCopyFilesBuildPhase;
			buildActionMask = 2147483647;
			dstPath = /usr/share/man/man1/;
			dstSubfolderSpec = 0;
			files = (
			);
			runOnlyForDeploymentPostprocessing = 1;
		};
/* End PBXCopyFilesBuildPhase section */

/* Begin PBXFileReference section */
		BF28C84D23AF8A9400368BBD /* objC */ = {isa = PBXFileReference; explicitFileType = "compiled.mach-o.executable"; includeInIndex = 0; path = objC; sourceTree = BUILT_PRODUCTS_DIR; };
		BF28C85023AF8A9400368BBD /* main.m */ = {isa = PBXFileReference; lastKnownFileType = sourcecode.c.objc; path = main.m; sourceTree = "<group>"; };
		BF4400A623BE4147003A01F4 /* Chapter03.m */ = {isa = PBXFileReference; lastKnownFileType = sourcecode.c.objc; path = Chapter03.m; sourceTree = "<group>"; };
		BF4400A823C1995C003A01F4 /* Fraction.h */ = {isa = PBXFileReference; lastKnownFileType = sourcecode.c.h; path = Fraction.h; sourceTree = "<group>"; };
		BF4400A923C199EB003A01F4 /* Fraction.m */ = {isa = PBXFileReference; lastKnownFileType = sourcecode.c.objc; path = Fraction.m; sourceTree = "<group>"; };
		BF462DCD23C1F56F009370D7 /* CokeVendingMachine.h */ = {isa = PBXFileReference; lastKnownFileType = sourcecode.c.h; path = CokeVendingMachine.h; sourceTree = "<group>"; };
		BF462DCE23C1F82D009370D7 /* CokeVendingMachine.m */ = {isa = PBXFileReference; lastKnownFileType = sourcecode.c.objc; path = CokeVendingMachine.m; sourceTree = "<group>"; };
		BF592E4423C21D5800CF8E92 /* DescartesCoordinates.h */ = {isa = PBXFileReference; lastKnownFileType = sourcecode.c.h; path = DescartesCoordinates.h; sourceTree = "<group>"; };
		BF592E4523C21DF900CF8E92 /* DescartesCoordinates.m */ = {isa = PBXFileReference; lastKnownFileType = sourcecode.c.objc; path = DescartesCoordinates.m; sourceTree = "<group>"; };
		BF592E4723C21F2900CF8E92 /* Calculator.h */ = {isa = PBXFileReference; lastKnownFileType = sourcecode.c.h; path = Calculator.h; sourceTree = "<group>"; };
		BF592E4823C21FFA00CF8E92 /* Calculator.m */ = {isa = PBXFileReference; lastKnownFileType = sourcecode.c.objc; path = Calculator.m; sourceTree = "<group>"; };
		BF592E4B23C226E100CF8E92 /* Complex.h */ = {isa = PBXFileReference; lastKnownFileType = sourcecode.c.h; path = Complex.h; sourceTree = "<group>"; };
		BF592E4C23C227A400CF8E92 /* Complex.m */ = {isa = PBXFileReference; lastKnownFileType = sourcecode.c.objc; path = Complex.m; sourceTree = "<group>"; };
		BF5ABD6C23C4D0AA0026735A /* FractionCh07.h */ = {isa = PBXFileReference; lastKnownFileType = sourcecode.c.h; path = FractionCh07.h; sourceTree = "<group>"; };
		BF5ABD6D23C4D1150026735A /* FractionCh07.m */ = {isa = PBXFileReference; lastKnownFileType = sourcecode.c.objc; path = FractionCh07.m; sourceTree = "<group>"; };
		BFE383ED23BCF2E5007F0A7B /* Chapter01.h */ = {isa = PBXFileReference; lastKnownFileType = sourcecode.c.h; path = Chapter01.h; sourceTree = "<group>"; };
		BFE383EE23BCF32B007F0A7B /* Chapter01.m */ = {isa = PBXFileReference; lastKnownFileType = sourcecode.c.objc; path = Chapter01.m; sourceTree = "<group>"; };
/* End PBXFileReference section */

/* Begin PBXFrameworksBuildPhase section */
		BF28C84A23AF8A9400368BBD /* Frameworks */ = {
			isa = PBXFrameworksBuildPhase;
			buildActionMask = 2147483647;
			files = (
			);
			runOnlyForDeploymentPostprocessing = 0;
		};
/* End PBXFrameworksBuildPhase section */

/* Begin PBXGroup section */
		BF28C84423AF8A9400368BBD = {
			isa = PBXGroup;
			children = (
				BF28C84F23AF8A9400368BBD /* objC */,
				BF28C84E23AF8A9400368BBD /* Products */,
			);
			sourceTree = "<group>";
		};
		BF28C84E23AF8A9400368BBD /* Products */ = {
			isa = PBXGroup;
			children = (
				BF28C84D23AF8A9400368BBD /* objC */,
			);
			name = Products;
			sourceTree = "<group>";
		};
		BF28C84F23AF8A9400368BBD /* objC */ = {
			isa = PBXGroup;
			children = (
				BF5ABD6B23C4D09E0026735A /* Chapter07 */,
				BF592E4A23C226C500CF8E92 /* Chapter04 */,
				BFE383EE23BCF32B007F0A7B /* Chapter01.m */,
				BF28C85023AF8A9400368BBD /* main.m */,
				BF592E4723C21F2900CF8E92 /* Calculator.h */,
				BF592E4823C21FFA00CF8E92 /* Calculator.m */,
				BF462DCD23C1F56F009370D7 /* CokeVendingMachine.h */,
				BF462DCE23C1F82D009370D7 /* CokeVendingMachine.m */,
				BF4400A823C1995C003A01F4 /* Fraction.h */,
				BF592E4423C21D5800CF8E92 /* DescartesCoordinates.h */,
				BF592E4523C21DF900CF8E92 /* DescartesCoordinates.m */,
				BF4400A923C199EB003A01F4 /* Fraction.m */,
				BF4400A623BE4147003A01F4 /* Chapter03.m */,
				BFE383ED23BCF2E5007F0A7B /* Chapter01.h */,
			);
			path = objC;
			sourceTree = "<group>";
		};
		BF592E4A23C226C500CF8E92 /* Chapter04 */ = {
			isa = PBXGroup;
			children = (
				BF592E4B23C226E100CF8E92 /* Complex.h */,
				BF592E4C23C227A400CF8E92 /* Complex.m */,
			);
			path = Chapter04;
			sourceTree = "<group>";
		};
		BF5ABD6B23C4D09E0026735A /* Chapter07 */ = {
			isa = PBXGroup;
			children = (
				BF5ABD6C23C4D0AA0026735A /* FractionCh07.h */,
				BF5ABD6D23C4D1150026735A /* FractionCh07.m */,
			);
			path = Chapter07;
			sourceTree = "<group>";
		};
/* End PBXGroup section */

/* Begin PBXNativeTarget section */
		BF28C84C23AF8A9400368BBD /* objC */ = {
			isa = PBXNativeTarget;
			buildConfigurationList = BF28C85423AF8A9400368BBD /* Build configuration list for PBXNativeTarget "objC" */;
			buildPhases = (
				BF28C84923AF8A9400368BBD /* Sources */,
				BF28C84A23AF8A9400368BBD /* Frameworks */,
				BF28C84B23AF8A9400368BBD /* CopyFiles */,
			);
			buildRules = (
			);
			dependencies = (
			);
			name = objC;
			productName = objC;
			productReference = BF28C84D23AF8A9400368BBD /* objC */;
			productType = "com.apple.product-type.tool";
		};
/* End PBXNativeTarget section */

/* Begin PBXProject section */
		BF28C84523AF8A9400368BBD /* Project object */ = {
			isa = PBXProject;
			attributes = {
				LastUpgradeCheck = 1110;
				ORGANIZATIONNAME = Jimmy;
				TargetAttributes = {
					BF28C84C23AF8A9400368BBD = {
						CreatedOnToolsVersion = 11.1;
					};
				};
			};
			buildConfigurationList = BF28C84823AF8A9400368BBD /* Build configuration list for PBXProject "objC" */;
			compatibilityVersion = "Xcode 9.3";
			developmentRegion = en;
			hasScannedForEncodings = 0;
			knownRegions = (
				en,
				Base,
			);
			mainGroup = BF28C84423AF8A9400368BBD;
			productRefGroup = BF28C84E23AF8A9400368BBD /* Products */;
			projectDirPath = "";
			projectRoot = "";
			targets = (
				BF28C84C23AF8A9400368BBD /* objC */,
			);
		};
/* End PBXProject section */

/* Begin PBXSourcesBuildPhase section */
		BF28C84923AF8A9400368BBD /* Sources */ = {
			isa = PBXSourcesBuildPhase;
			buildActionMask = 2147483647;
			files = (
				BFE383EF23BCF32B007F0A7B /* Chapter01.m in Sources */,
				BF28C85123AF8A9400368BBD /* main.m in Sources */,
				BF5ABD6E23C4D1150026735A /* FractionCh07.m in Sources */,
				BF592E4623C21DF900CF8E92 /* DescartesCoordinates.m in Sources */,
				BF592E4923C21FFA00CF8E92 /* Calculator.m in Sources */,
				BF592E4D23C227A400CF8E92 /* Complex.m in Sources */,
				BF4400A723BE4147003A01F4 /* Chapter03.m in Sources */,
				BF4400AA23C199EB003A01F4 /* Fraction.m in Sources */,
				BF462DCF23C1F82D009370D7 /* CokeVendingMachine.m in Sources */,
			);
			runOnlyForDeploymentPostprocessing = 0;
		};
/* End PBXSourcesBuildPhase section */

/* Begin XCBuildConfiguration section */
		BF28C85223AF8A9400368BBD /* Debug */ = {
			isa = XCBuildConfiguration;
			buildSettings = {
				ALWAYS_SEARCH_USER_PATHS = NO;
				CLANG_ANALYZER_NONNULL = YES;
				CLANG_ANALYZER_NUMBER_OBJECT_CONVERSION = YES_AGGRESSIVE;
				CLANG_CXX_LANGUAGE_STANDARD = "gnu++17";
				CLANG_CXX_LIBRARY = "libc++";
				CLANG_ENABLE_MODULES = YES;
				CLANG_ENABLE_OBJC_ARC = YES;
				CLANG_ENABLE_OBJC_WEAK = YES;
				CLANG_WARN_BLOCK_CAPTURE_AUTORELEASING = YES;
				CLANG_WARN_BOOL_CONVERSION = YES;
				CLANG_WARN_COMMA = YES;
				CLANG_WARN_CONSTANT_CONVERSION = YES;
				CLANG_WARN_DEPRECATED_OBJC_IMPLEMENTATIONS = YES;
				CLANG_WARN_DIRECT_OBJC_ISA_USAGE = YES_ERROR;
				CLANG_WARN_DOCUMENTATION_COMMENTS = YES;
				CLANG_WARN_EMPTY_BODY = YES;
				CLANG_WARN_ENUM_CONVERSION = YES;
				CLANG_WARN_INFINITE_RECURSION = YES;
				CLANG_WARN_INT_CONVERSION = YES;
				CLANG_WARN_NON_LITERAL_NULL_CONVERSION = YES;
				CLANG_WARN_OBJC_IMPLICIT_RETAIN_SELF = YES;
				CLANG_WARN_OBJC_LITERAL_CONVERSION = YES;
				CLANG_WARN_OBJC_ROOT_CLASS = YES_ERROR;
				CLANG_WARN_RANGE_LOOP_ANALYSIS = YES;
				CLANG_WARN_STRICT_PROTOTYPES = YES;
				CLANG_WARN_SUSPICIOUS_MOVE = YES;
				CLANG_WARN_UNGUARDED_AVAILABILITY = YES_AGGRESSIVE;
				CLANG_WARN_UNREACHABLE_CODE = YES;
				CLANG_WARN__DUPLICATE_METHOD_MATCH = YES;
				COPY_PHASE_STRIP = NO;
				DEBUG_INFORMATION_FORMAT = dwarf;
				ENABLE_STRICT_OBJC_MSGSEND = YES;
				ENABLE_TESTABILITY = YES;
				GCC_C_LANGUAGE_STANDARD = gnu11;
				GCC_DYNAMIC_NO_PIC = NO;
				GCC_NO_COMMON_BLOCKS = YES;
				GCC_OPTIMIZATION_LEVEL = 0;
				GCC_PREPROCESSOR_DEFINITIONS = (
					"DEBUG=1",
					"$(inherited)",
				);
				GCC_WARN_64_TO_32_BIT_CONVERSION = YES;
				GCC_WARN_ABOUT_RETURN_TYPE = YES_ERROR;
				GCC_WARN_UNDECLARED_SELECTOR = YES;
				GCC_WARN_UNINITIALIZED_AUTOS = YES_AGGRESSIVE;
				GCC_WARN_UNUSED_FUNCTION = YES;
				GCC_WARN_UNUSED_VARIABLE = YES;
				MACOSX_DEPLOYMENT_TARGET = 10.15;
				MTL_ENABLE_DEBUG_INFO = INCLUDE_SOURCE;
				MTL_FAST_MATH = YES;
				ONLY_ACTIVE_ARCH = YES;
				SDKROOT = macosx;
			};
			name = Debug;
		};
		BF28C85323AF8A9400368BBD /* Release */ = {
			isa = XCBuildConfiguration;
			buildSettings = {
				ALWAYS_SEARCH_USER_PATHS = NO;
				CLANG_ANALYZER_NONNULL = YES;
				CLANG_ANALYZER_NUMBER_OBJECT_CONVERSION = YES_AGGRESSIVE;
				CLANG_CXX_LANGUAGE_STANDARD = "gnu++17";
				CLANG_CXX_LIBRARY = "libc++";
				CLANG_ENABLE_MODULES = YES;
				CLANG_ENABLE_OBJC_ARC = YES;
				CLANG_ENABLE_OBJC_WEAK = YES;
				CLANG_WARN_BLOCK_CAPTURE_AUTORELEASING = YES;
				CLANG_WARN_BOOL_CONVERSION = YES;
				CLANG_WARN_COMMA = YES;
				CLANG_WARN_CONSTANT_CONVERSION = YES;
				CLANG_WARN_DEPRECATED_OBJC_IMPLEMENTATIONS = YES;
				CLANG_WARN_DIRECT_OBJC_ISA_USAGE = YES_ERROR;
				CLANG_WARN_DOCUMENTATION_COMMENTS = YES;
				CLANG_WARN_EMPTY_BODY = YES;
				CLANG_WARN_ENUM_CONVERSION = YES;
				CLANG_WARN_INFINITE_RECURSION = YES;
				CLANG_WARN_INT_CONVERSION = YES;
				CLANG_WARN_NON_LITERAL_NULL_CONVERSION = YES;
				CLANG_WARN_OBJC_IMPLICIT_RETAIN_SELF = YES;
				CLANG_WARN_OBJC_LITERAL_CONVERSION = YES;
				CLANG_WARN_OBJC_ROOT_CLASS = YES_ERROR;
				CLANG_WARN_RANGE_LOOP_ANALYSIS = YES;
				CLANG_WARN_STRICT_PROTOTYPES = YES;
				CLANG_WARN_SUSPICIOUS_MOVE = YES;
				CLANG_WARN_UNGUARDED_AVAILABILITY = YES_AGGRESSIVE;
				CLANG_WARN_UNREACHABLE_CODE = YES;
				CLANG_WARN__DUPLICATE_METHOD_MATCH = YES;
				COPY_PHASE_STRIP = NO;
				DEBUG_INFORMATION_FORMAT = "dwarf-with-dsym";
				ENABLE_NS_ASSERTIONS = NO;
				ENABLE_STRICT_OBJC_MSGSEND = YES;
				GCC_C_LANGUAGE_STANDARD = gnu11;
				GCC_NO_COMMON_BLOCKS = YES;
				GCC_WARN_64_TO_32_BIT_CONVERSION = YES;
				GCC_WARN_ABOUT_RETURN_TYPE = YES_ERROR;
				GCC_WARN_UNDECLARED_SELECTOR = YES;
				GCC_WARN_UNINITIALIZED_AUTOS = YES_AGGRESSIVE;
				GCC_WARN_UNUSED_FUNCTION = YES;
				GCC_WARN_UNUSED_VARIABLE = YES;
				MACOSX_DEPLOYMENT_TARGET = 10.15;
				MTL_ENABLE_DEBUG_INFO = NO;
				MTL_FAST_MATH = YES;
				SDKROOT = macosx;
			};
			name = Release;
		};
		BF28C85523AF8A9400368BBD /* Debug */ = {
			isa = XCBuildConfiguration;
			buildSettings = {
				CODE_SIGN_STYLE = Automatic;
				PRODUCT_NAME = "$(TARGET_NAME)";
			};
			name = Debug;
		};
		BF28C85623AF8A9400368BBD /* Release */ = {
			isa = XCBuildConfiguration;
			buildSettings = {
				CODE_SIGN_STYLE = Automatic;
				PRODUCT_NAME = "$(TARGET_NAME)";
			};
			name = Release;
		};
/* End XCBuildConfiguration section */

/* Begin XCConfigurationList section */
		BF28C84823AF8A9400368BBD /* Build configuration list for PBXProject "objC" */ = {
			isa = XCConfigurationList;
			buildConfigurations = (
				BF28C85223AF8A9400368BBD /* Debug */,
				BF28C85323AF8A9400368BBD /* Release */,
			);
			defaultConfigurationIsVisible = 0;
			defaultConfigurationName = Release;
		};
		BF28C85423AF8A9400368BBD /* Build configuration list for PBXNativeTarget "objC" */ = {
			isa = XCConfigurationList;
			buildConfigurations = (
				BF28C85523AF8A9400368BBD /* Debug */,
				BF28C85623AF8A9400368BBD /* Release */,
			);
			defaultConfigurationIsVisible = 0;
			defaultConfigurationName = Release;
		};
/* End XCConfigurationList section */
	};
	rootObject = BF28C84523AF8A9400368BBD /* Project object */;
}
